
Microsoft Visual Studio Solution File, Format Version 12.00
# Visual Studio Version 16
VisualStudioVersion = 16.0.30309.148
MinimumVisualStudioVersion = 10.0.40219.1
Project("{FAE04EC0-301F-11D3-BF4B-00C04F79EFBC}") = "Milestone2Project", "Milestone2Project\Milestone2Project.csproj", "{D98D0337-048E-4D4A-A550-44BBE9F4CFA3}"
EndProject
Project("{FAE04EC0-301F-11D3-BF4B-00C04F79EFBC}") = "UMLClasses", "UMLClasses\UMLClasses.csproj", "{EF2787DD-C4CF-436A-BF4C-A637F2A41F8D}"
EndProject
Global
	GlobalSection(SolutionConfigurationPlatforms) = preSolution
		Debug|Any CPU = Debug|Any CPU
		Release|Any CPU = Release|Any CPU
	EndGlobalSection
	GlobalSection(ProjectConfigurationPlatforms) = postSolution
		{D98D0337-048E-4D4A-A550-44BBE9F4CFA3}.Debug|Any CPU.ActiveCfg = Debug|Any CPU
		{D98D0337-048E-4D4A-A550-44BBE9F4CFA3}.Debug|Any CPU.Build.0 = Debug|Any CPU
		{D98D0337-048E-4D4A-A550-44BBE9F4CFA3}.Release|Any CPU.ActiveCfg = Release|Any CPU
		{D98D0337-048E-4D4A-A550-44BBE9F4CFA3}.Release|Any CPU.Build.0 = Release|Any CPU
		{EF2787DD-C4CF-436A-BF4C-A637F2A41F8D}.Debug|Any CPU.ActiveCfg = Debug|Any CPU
		{EF2787DD-C4CF-436A-BF4C-A637F2A41F8D}.Debug|Any CPU.Build.0 = Debug|Any CPU
		{EF2787DD-C4CF-436A-BF4C-A637F2A41F8D}.Release|Any CPU.ActiveCfg = Release|Any CPU
		{EF2787DD-C4CF-436A-BF4C-A637F2A41F8D}.Release|Any CPU.Build.0 = Release|Any CPU
	EndGlobalSection
	GlobalSection(SolutionProperties) = preSolution
		HideSolutionNode = FALSE
	EndGlobalSection
	GlobalSection(ExtensibilityGlobals) = postSolution
		SolutionGuid = {6C1E4A89-5281-4C32-872B-8724771EE4B2}
	EndGlobalSection
EndGlobal
